{
  "name": "web",
  "version": "1.0.0",
  "lockfileVersion": 1,
  "requires": true,
  "dependencies": {
    "hello-gdgsucre": {
      "version": "gist:f1d6d172f400776ac28dbcb99cd28ee8#153ca6ff4825f3a0c110a29d730971280722bcfc",
      "from": "gist:f1d6d172f400776ac28dbcb99cd28ee8",
      "requires": {
        "underscore": "~1.8.1"
      }
    },
    "underscore": {
      "version": "1.8.3",
      "resolved": "https://registry.npmjs.org/underscore/-/underscore-1.8.3.tgz",
      "integrity": "sha1-Tz+1OxBuYJf8+ctBCfKl6b36UCI="
    }
  }
}
